
Microsoft Visual Studio Solution File, Format Version 12.00
# Visual Studio Version 17
VisualStudioVersion = 17.2.32519.379
MinimumVisualStudioVersion = 10.0.40219.1
Project("{9A19103F-16F7-4668-BE54-9A1E7A4F7556}") = "PiHire.API", "PiHire.API\PiHire.API.csproj", "{0B7A3A5D-368A-407E-AADD-0345D1003842}"
EndProject
Project("{9A19103F-16F7-4668-BE54-9A1E7A4F7556}") = "PiHire.WS", "PiHire.WS\PiHire.WS.csproj", "{3FA9B37F-DB99-4D0B-9DF3-68CB257913BA}"
EndProject
Project("{9A19103F-16F7-4668-BE54-9A1E7A4F7556}") = "PiHire.BAL", "COMMON FILES\PiHire.BAL\PiHire.BAL.csproj", "{A48B0A79-55E7-4572-821A-3BA28FC01C56}"
EndProject
Project("{9A19103F-16F7-4668-BE54-9A1E7A4F7556}") = "PiHire.DAL", "COMMON FILES\PiHire.DAL\PiHire.DAL.csproj", "{8716B02D-778D-43BB-8C4D-AAB819779C1A}"
EndProject
Project("{9A19103F-16F7-4668-BE54-9A1E7A4F7556}") = "PiHire.Utilities", "COMMON FILES\PiHire.Utilities\PiHire.Utilities.csproj", "{44027E78-C3A8-4160-9373-9A9599643A2A}"
EndProject
Global
	GlobalSection(SolutionConfigurationPlatforms) = preSolution
		Debug|Any CPU = Debug|Any CPU
		Release|Any CPU = Release|Any CPU
	EndGlobalSection
	GlobalSection(ProjectConfigurationPlatforms) = postSolution
		{0B7A3A5D-368A-407E-AADD-0345D1003842}.Debug|Any CPU.ActiveCfg = Debug|Any CPU
		{0B7A3A5D-368A-407E-AADD-0345D1003842}.Debug|Any CPU.Build.0 = Debug|Any CPU
		{0B7A3A5D-368A-407E-AADD-0345D1003842}.Release|Any CPU.ActiveCfg = Release|Any CPU
		{0B7A3A5D-368A-407E-AADD-0345D1003842}.Release|Any CPU.Build.0 = Release|Any CPU
		{3FA9B37F-DB99-4D0B-9DF3-68CB257913BA}.Debug|Any CPU.ActiveCfg = Debug|Any CPU
		{3FA9B37F-DB99-4D0B-9DF3-68CB257913BA}.Debug|Any CPU.Build.0 = Debug|Any CPU
		{3FA9B37F-DB99-4D0B-9DF3-68CB257913BA}.Release|Any CPU.ActiveCfg = Release|Any CPU
		{3FA9B37F-DB99-4D0B-9DF3-68CB257913BA}.Release|Any CPU.Build.0 = Release|Any CPU
		{A48B0A79-55E7-4572-821A-3BA28FC01C56}.Debug|Any CPU.ActiveCfg = Debug|Any CPU
		{A48B0A79-55E7-4572-821A-3BA28FC01C56}.Debug|Any CPU.Build.0 = Debug|Any CPU
		{A48B0A79-55E7-4572-821A-3BA28FC01C56}.Release|Any CPU.ActiveCfg = Release|Any CPU
		{A48B0A79-55E7-4572-821A-3BA28FC01C56}.Release|Any CPU.Build.0 = Release|Any CPU
		{8716B02D-778D-43BB-8C4D-AAB819779C1A}.Debug|Any CPU.ActiveCfg = Debug|Any CPU
		{8716B02D-778D-43BB-8C4D-AAB819779C1A}.Debug|Any CPU.Build.0 = Debug|Any CPU
		{8716B02D-778D-43BB-8C4D-AAB819779C1A}.Release|Any CPU.ActiveCfg = Release|Any CPU
		{8716B02D-778D-43BB-8C4D-AAB819779C1A}.Release|Any CPU.Build.0 = Release|Any CPU
		{44027E78-C3A8-4160-9373-9A9599643A2A}.Debug|Any CPU.ActiveCfg = Debug|Any CPU
		{44027E78-C3A8-4160-9373-9A9599643A2A}.Debug|Any CPU.Build.0 = Debug|Any CPU
		{44027E78-C3A8-4160-9373-9A9599643A2A}.Release|Any CPU.ActiveCfg = Release|Any CPU
		{44027E78-C3A8-4160-9373-9A9599643A2A}.Release|Any CPU.Build.0 = Release|Any CPU
	EndGlobalSection
	GlobalSection(SolutionProperties) = preSolution
		HideSolutionNode = FALSE
	EndGlobalSection
	GlobalSection(ExtensibilityGlobals) = postSolution
		SolutionGuid = {99B64876-5C6D-4FE4-93DE-0D751180AD41}
	EndGlobalSection
EndGlobal
